
Microsoft Visual Studio Solution File, Format Version 12.00
# Visual Studio Version 17
VisualStudioVersion = 17.8.34330.188
MinimumVisualStudioVersion = 10.0.40219.1
Project("{FAE04EC0-301F-11D3-BF4B-00C04F79EFBC}") = "oop", "oop.csproj", "{37CEAACB-30DC-468D-B6D7-8ABCCE963BD0}"
EndProject
Global
	GlobalSection(SolutionConfigurationPlatforms) = preSolution
		Debug|Any CPU = Debug|Any CPU
		Release|Any CPU = Release|Any CPU
	EndGlobalSection
	GlobalSection(ProjectConfigurationPlatforms) = postSolution
		{37CEAACB-30DC-468D-B6D7-8ABCCE963BD0}.Debug|Any CPU.ActiveCfg = Debug|Any CPU
		{37CEAACB-30DC-468D-B6D7-8ABCCE963BD0}.Debug|Any CPU.Build.0 = Debug|Any CPU
		{37CEAACB-30DC-468D-B6D7-8ABCCE963BD0}.Release|Any CPU.ActiveCfg = Release|Any CPU
		{37CEAACB-30DC-468D-B6D7-8ABCCE963BD0}.Release|Any CPU.Build.0 = Release|Any CPU
	EndGlobalSection
	GlobalSection(SolutionProperties) = preSolution
		HideSolutionNode = FALSE
	EndGlobalSection
	GlobalSection(ExtensibilityGlobals) = postSolution
		SolutionGuid = {4E7DC3F2-D363-4374-9788-0B9AD42AEFAF}
	EndGlobalSection
EndGlobal
